<?xml version="1.0" encoding="UTF-8" standalone="yes" ?>
<CodeBlocks_project_file>
	<FileVersion major="1" minor="6" />
	<Project>
		<Option title="DIrrlicht" />
		<Option pch_mode="2" />
		<Option compiler="dmd" />
		<Build>
			<Target title="Win32 - Release">
				<Option output="../../lib/Win32/DIrrlicht" prefix_auto="1" extension_auto="1" />
				<Option working_dir="" />
				<Option object_output=".obj/" />
				<Option type="2" />
				<Option compiler="ldc" />
				<Compiler>
					<Add option="-O" />
					<Add option="-D" />
					<Add option="-Dd=../../doc" />
					<Add directory="../" />
				</Compiler>
				<Linker>
					<Add library="libCIrrlicht.a" />
					<Add library="libstdc++.a" />
					<Add library="libIrrlicht.a" />
					<Add directory="../../CIrrlicht/Win32-gcc" />
					<Add directory="$(IRRLICHT_ROOT)/lib/Win32-gcc" />
				</Linker>
			</Target>
			<Target title="Linux - LDC_Release">
				<Option output="../../lib/Linux/DIrrlicht" prefix_auto="1" extension_auto="1" />
				<Option working_dir="" />
				<Option object_output=".obj/" />
				<Option type="2" />
				<Option compiler="ldc" />
				<Compiler>
					<Add option="-O" />
					<Add option="-D" />
					<Add option="-Dd=../../doc/Ddoc" />
					<Add directory="../" />
				</Compiler>
				<Linker>
					<Add library="libCIrrlicht.a" />
					<Add library="libstdc++.a" />
					<Add library="libIrrlicht.a" />
					<Add directory="../../CIrrlicht/lib/Linux" />
					<Add directory="$(HOME)/irrlicht/lib/Linux" />
				</Linker>
			</Target>
			<Target title="Linux - DMD_Release">
				<Option output="../../lib/Linux/DIrrlicht" prefix_auto="1" extension_auto="1" />
				<Option working_dir="" />
				<Option object_output=".obj/" />
				<Option type="2" />
				<Option compiler="dmd" />
				<Option createDefFile="1" />
				<Compiler>
					<Add option="-release" />
					<Add option="-inline" />
					<Add option="-O" />
					<Add option="-w" />
					<Add option="-unittest" />
					<Add directory="../" />
				</Compiler>
				<Linker>
					<Add library="libCIrrlicht.a" />
					<Add library="libstdc++.a" />
					<Add library="libIrrlicht.a" />
					<Add directory="../../CIrrlicht/lib/Linux" />
					<Add directory="$(HOME)/irrlicht/lib/Linux" />
				</Linker>
			</Target>
			<Target title="Linux - GDC_Release">
				<Option output="../../lib/Linux/DIrrlicht" prefix_auto="1" extension_auto="1" />
				<Option working_dir="" />
				<Option object_output=".obj/" />
				<Option type="2" />
				<Option compiler="gdc" />
				<Compiler>
					<Add option="-O" />
					<Add option="-D" />
					<Add option="-Dd=../../doc/Ddoc" />
					<Add option="-unittest" />
					<Add directory="../" />
				</Compiler>
				<Linker>
					<Add library="libCIrrlicht.a" />
					<Add library="libstdc++.a" />
					<Add library="libIrrlicht.a" />
					<Add directory="../../CIrrlicht/lib/Linux/" />
					<Add directory="$(HOME)/irrlicht/lib/Linux" />
				</Linker>
			</Target>
			<Target title="Linux - LDC_UnitTest">
				<Option output="../../bin/Linux/UnitTest" prefix_auto="1" extension_auto="1" />
				<Option working_dir="../../bin/Linux" />
				<Option object_output=".obj/" />
				<Option type="1" />
				<Option compiler="ldc" />
				<Option use_console_runner="0" />
				<Compiler>
					<Add option="-march=x86" />
					<Add option="-O0" />
					<Add option="-d-debug" />
					<Add option="-unittest" />
					<Add directory="../" />
				</Compiler>
				<Linker>
					<Add library="libCIrrlicht.a" />
					<Add library="libstdc++.a" />
					<Add library="libIrrlicht.a" />
					<Add library="GL" />
					<Add library="Xxf86vm" />
					<Add library="X11" />
					<Add directory="../../CIrrlicht/lib/Linux" />
					<Add directory="$(HOME)/irrlicht/lib/Linux" />
				</Linker>
			</Target>
			<Target title="Linux - DMD_UnitTest">
				<Option output="../../bin/Linux/UnitTest" prefix_auto="1" extension_auto="1" />
				<Option working_dir="../../bin/Linux" />
				<Option object_output=".obj/" />
				<Option type="1" />
				<Option compiler="dmd" />
				<Option use_console_runner="0" />
				<Compiler>
					<Add option="-release" />
					<Add option="-inline" />
					<Add option="-O" />
					<Add option="-w" />
					<Add option="-unittest" />
					<Add directory="../" />
				</Compiler>
				<Linker>
					<Add library="libCIrrlicht.a" />
					<Add library="libstdc++.a" />
					<Add library="libIrrlicht.a" />
					<Add library="GL" />
					<Add library="Xxf86vm" />
					<Add library="X11" />
					<Add directory="../../CIrrlicht/lib/Linux" />
					<Add directory="$(HOME)/irrlicht/lib/Linux" />
				</Linker>
			</Target>
			<Target title="Linux - GDC_UnitTest">
				<Option output="../../bin/Linux/UnitTest" prefix_auto="1" extension_auto="1" />
				<Option working_dir="../../bin/Linux" />
				<Option object_output=".obj/" />
				<Option type="1" />
				<Option compiler="gdc" />
				<Option use_console_runner="0" />
				<Compiler>
					<Add option="-O" />
					<Add option="-funittest" />
					<Add directory="../" />
				</Compiler>
				<Linker>
					<Add library="libCIrrlicht.a" />
					<Add library="libstdc++.a" />
					<Add library="libIrrlicht.a" />
					<Add library="GL" />
					<Add library="Xxf86vm" />
					<Add library="X11" />
					<Add directory="../../CIrrlicht/lib/Linux/" />
					<Add directory="$(HOME)/irrlicht/lib/Linux" />
				</Linker>
			</Target>
		</Build>
		<Unit filename="CompileConfig.d" />
		<Unit filename="IEventReceiver.d" />
		<Unit filename="ILogger.d" />
		<Unit filename="IOSOperator.d" />
		<Unit filename="IRandomizer.d" />
		<Unit filename="ITimer.d" />
		<Unit filename="IrrlichtDevice.d" />
		<Unit filename="KeyCodes.d" />
		<Unit filename="SIrrCreationParameters.d" />
		<Unit filename="SKeyMap.d" />
		<Unit filename="core/SIMDMath.d" />
		<Unit filename="core/aabbox3d.d" />
		<Unit filename="core/array.d" />
		<Unit filename="core/dimension2d.d" />
		<Unit filename="core/line2d.d" />
		<Unit filename="core/line3d.d" />
		<Unit filename="core/list.d" />
		<Unit filename="core/matrix4.d" />
		<Unit filename="core/package.d" />
		<Unit filename="core/plane3d.d" />
		<Unit filename="core/quaternion.d" />
		<Unit filename="core/rect.d" />
		<Unit filename="core/triangle3d.d" />
		<Unit filename="core/vector2d.d" />
		<Unit filename="core/vector3d.d" />
		<Unit filename="gui/EFocusFlags.d" />
		<Unit filename="gui/EGUIAlignment.d" />
		<Unit filename="gui/EGUIElementTypes.d" />
		<Unit filename="gui/EMessageBoxFlags.d" />
		<Unit filename="gui/ICursorControl.d" />
		<Unit filename="gui/IGUIEnvironment.d" />
		<Unit filename="gui/IGUIFont.d" />
		<Unit filename="gui/IGUIImage.d" />
		<Unit filename="gui/IGUIStaticText.d" />
		<Unit filename="gui/package.d" />
		<Unit filename="io/EAttributes.d" />
		<Unit filename="io/IAttributeExchangingObject.d" />
		<Unit filename="io/IAttributes.d" />
		<Unit filename="io/IFileSystem.d" />
		<Unit filename="io/package.d" />
		<Unit filename="package.d" />
		<Unit filename="scene/CDynamicMeshBuffer.d" />
		<Unit filename="scene/CIndexBuffer.d" />
		<Unit filename="scene/CVertexBuffer.d" />
		<Unit filename="scene/ECullingTypes.d" />
		<Unit filename="scene/EDebugSceneTypes.d" />
		<Unit filename="scene/EHardwareBufferFlags.d" />
		<Unit filename="scene/EMeshWriterEnums.d" />
		<Unit filename="scene/EPrimitiveTypes.d" />
		<Unit filename="scene/ESceneNodeAnimatorTypes.d" />
		<Unit filename="scene/ESceneNodeTypes.d" />
		<Unit filename="scene/ETerrainElements.d" />
		<Unit filename="scene/IAnimatedMesh.d" />
		<Unit filename="scene/IAnimatedMeshMD2.d" />
		<Unit filename="scene/IAnimatedMeshMD3.d" />
		<Unit filename="scene/IAnimatedMeshSceneNode.d" />
		<Unit filename="scene/IBillboardSceneNode.d" />
		<Unit filename="scene/IBillboardTextSceneNode.d" />
		<Unit filename="scene/IBoneSceneNode.d" />
		<Unit filename="scene/ICameraSceneNode.d" />
		<Unit filename="scene/IDummyTransformationSceneNode.d" />
		<Unit filename="scene/IGeometryCreator.d" />
		<Unit filename="scene/IIndexBuffer.d" />
		<Unit filename="scene/ILightManager.d" />
		<Unit filename="scene/ILightSceneNode.d" />
		<Unit filename="scene/IMesh.d" />
		<Unit filename="scene/IMeshBuffer.d" />
		<Unit filename="scene/IMeshCache.d" />
		<Unit filename="scene/IMeshLoader.d" />
		<Unit filename="scene/IMeshManipulator.d" />
		<Unit filename="scene/IMeshSceneNode.d" />
		<Unit filename="scene/IMeshWriter.d" />
		<Unit filename="scene/IMetaTriangleSelector.d" />
		<Unit filename="scene/IParticleSystemSceneNode.d" />
		<Unit filename="scene/ISceneCollisionManager.d" />
		<Unit filename="scene/ISceneLoader.d" />
		<Unit filename="scene/ISceneManager.d" />
		<Unit filename="scene/ISceneNode.d" />
		<Unit filename="scene/ISceneNodeAnimator.d" />
		<Unit filename="scene/ISceneNodeAnimatorCollisionResponse.d" />
		<Unit filename="scene/ISceneNodeAnimatorFactory.d" />
		<Unit filename="scene/ISceneNodeFactory.d" />
		<Unit filename="scene/ISceneUserDataSerializer.d" />
		<Unit filename="scene/IShader.d" />
		<Unit filename="scene/IShadowVolumeSceneNode.d" />
		<Unit filename="scene/ISkinnedMesh.d" />
		<Unit filename="scene/ITerrainSceneNode.d" />
		<Unit filename="scene/ITextSceneNode.d" />
		<Unit filename="scene/ITriangleSelector.d" />
		<Unit filename="scene/IVertexBuffer.d" />
		<Unit filename="scene/IVolumeLightSceneNode.d" />
		<Unit filename="scene/SAnimatedMesh.d" />
		<Unit filename="scene/SMesh.d" />
		<Unit filename="scene/SParticle.d" />
		<Unit filename="scene/SSkinMeshBuffer.d" />
		<Unit filename="scene/SVertexManipulator.d" />
		<Unit filename="scene/SViewFrustum.d" />
		<Unit filename="scene/SceneParameters.d" />
		<Unit filename="scene/package.d" />
		<Unit filename="video/EDeviceTypes.d" />
		<Unit filename="video/EDriverFeatures.d" />
		<Unit filename="video/EDriverTypes.d" />
		<Unit filename="video/EMaterialFlags.d" />
		<Unit filename="video/EMaterialTypes.d" />
		<Unit filename="video/EShaderTypes.d" />
		<Unit filename="video/IGPUProgrammingServices.d" />
		<Unit filename="video/IImage.d" />
		<Unit filename="video/IImageLoader.d" />
		<Unit filename="video/IImageWriter.d" />
		<Unit filename="video/IMaterialRenderer.d" />
		<Unit filename="video/ITexture.d" />
		<Unit filename="video/IVideoDriver.d" />
		<Unit filename="video/IVideoModeList.d" />
		<Unit filename="video/S3DVertex.d" />
		<Unit filename="video/SColor.d" />
		<Unit filename="video/SExposedVideoData.d" />
		<Unit filename="video/SLight.d" />
		<Unit filename="video/SMaterial.d" />
		<Unit filename="video/SMaterialLayer.d" />
		<Unit filename="video/SVertexIndex.d" />
		<Unit filename="video/package.d" />
		<Extensions>
			<code_completion />
			<envvars />
			<debugger />
			<lib_finder disable_auto="1" />
		</Extensions>
	</Project>
</CodeBlocks_project_file>
